
Microsoft Visual Studio Solution File, Format Version 12.00
# Visual Studio Version 16
VisualStudioVersion = 16.0.29613.14
MinimumVisualStudioVersion = 10.0.40219.1
Project("{9A19103F-16F7-4668-BE54-9A1E7A4F7556}") = "SimpleProjects.TicTacToe.ConsoleApp", "SimpleProjects.TicTacToe.ConsoleApp\SimpleProjects.TicTacToe.ConsoleApp.csproj", "{918F1BD1-8D68-4437-B748-5540CF2C22DB}"
EndProject
Global
	GlobalSection(SolutionConfigurationPlatforms) = preSolution
		Debug|Any CPU = Debug|Any CPU
		Release|Any CPU = Release|Any CPU
	EndGlobalSection
	GlobalSection(ProjectConfigurationPlatforms) = postSolution
		{918F1BD1-8D68-4437-B748-5540CF2C22DB}.Debug|Any CPU.ActiveCfg = Debug|Any CPU
		{918F1BD1-8D68-4437-B748-5540CF2C22DB}.Debug|Any CPU.Build.0 = Debug|Any CPU
		{918F1BD1-8D68-4437-B748-5540CF2C22DB}.Release|Any CPU.ActiveCfg = Release|Any CPU
		{918F1BD1-8D68-4437-B748-5540CF2C22DB}.Release|Any CPU.Build.0 = Release|Any CPU
	EndGlobalSection
	GlobalSection(SolutionProperties) = preSolution
		HideSolutionNode = FALSE
	EndGlobalSection
	GlobalSection(ExtensibilityGlobals) = postSolution
		SolutionGuid = {E2FB7103-AC50-4BBF-B2A7-154377E5E1EA}
	EndGlobalSection
EndGlobal
